{
  "name": "markup-test",
  "lockfileVersion": 3,
  "requires": true,
  "packages": {
    "": {
      "dependencies": {
        "@beforesemicolon/markup": "^0.13.1"
      }
    },
    "node_modules/@beforesemicolon/html-parser": {
      "version": "0.4.0",
      "resolved": "https://registry.npmjs.org/@beforesemicolon/html-parser/-/html-parser-0.4.0.tgz",
      "integrity": "sha512-ErpBlQozTYJdhqG7ByJBxMfCY2ZmUtVcDNp9dV7/Pn493AgnMqb/B/H5HyUvZgDtJDCQw25JpKdwcK+ZkZX3sg=="
    },
    "node_modules/@beforesemicolon/markup": {
      "version": "0.13.1",
      "resolved": "https://registry.npmjs.org/@beforesemicolon/markup/-/markup-0.13.1.tgz",
      "integrity": "sha512-gIXlq7+tlWkc/U2v5aYaM/guxiRWc6FH+U7shqMvm9tdrvdMHGRXJ45C1X55/pytGYE5X8mwJ63pfDBnJmP4AQ==",
      "dependencies": {
        "@beforesemicolon/html-parser": "*"
      },
      "funding": {
        "type": "github",
        "url": "https://github.com/sponsors/beforesemicolon"
      }
    }
  }
}
